
Microsoft Visual Studio Solution File, Format Version 12.00
# Visual Studio 15
VisualStudioVersion = 15.0.28307.106
MinimumVisualStudioVersion = 10.0.40219.1
Project("{FAE04EC0-301F-11D3-BF4B-00C04F79EFBC}") = "DAL", "DAL\DAL.csproj", "{A1B8469F-F6FD-44CC-A7DA-D2F0E402230D}"
EndProject
Project("{FAE04EC0-301F-11D3-BF4B-00C04F79EFBC}") = "BLL", "BLL\BLL.csproj", "{1462BF0F-DE22-473A-B1A9-9607C84FD989}"
EndProject
Project("{FAE04EC0-301F-11D3-BF4B-00C04F79EFBC}") = "KullaniciEkrani", "KullaniciEkrani\KullaniciEkrani.csproj", "{8BF1A3F8-7523-43DE-944F-C3E8EE04D6B3}"
EndProject
Global
	GlobalSection(SolutionConfigurationPlatforms) = preSolution
		Debug|Any CPU = Debug|Any CPU
		Release|Any CPU = Release|Any CPU
	EndGlobalSection
	GlobalSection(ProjectConfigurationPlatforms) = postSolution
		{A1B8469F-F6FD-44CC-A7DA-D2F0E402230D}.Debug|Any CPU.ActiveCfg = Debug|Any CPU
		{A1B8469F-F6FD-44CC-A7DA-D2F0E402230D}.Debug|Any CPU.Build.0 = Debug|Any CPU
		{A1B8469F-F6FD-44CC-A7DA-D2F0E402230D}.Release|Any CPU.ActiveCfg = Release|Any CPU
		{A1B8469F-F6FD-44CC-A7DA-D2F0E402230D}.Release|Any CPU.Build.0 = Release|Any CPU
		{1462BF0F-DE22-473A-B1A9-9607C84FD989}.Debug|Any CPU.ActiveCfg = Debug|Any CPU
		{1462BF0F-DE22-473A-B1A9-9607C84FD989}.Debug|Any CPU.Build.0 = Debug|Any CPU
		{1462BF0F-DE22-473A-B1A9-9607C84FD989}.Release|Any CPU.ActiveCfg = Release|Any CPU
		{1462BF0F-DE22-473A-B1A9-9607C84FD989}.Release|Any CPU.Build.0 = Release|Any CPU
		{8BF1A3F8-7523-43DE-944F-C3E8EE04D6B3}.Debug|Any CPU.ActiveCfg = Debug|Any CPU
		{8BF1A3F8-7523-43DE-944F-C3E8EE04D6B3}.Debug|Any CPU.Build.0 = Debug|Any CPU
		{8BF1A3F8-7523-43DE-944F-C3E8EE04D6B3}.Release|Any CPU.ActiveCfg = Release|Any CPU
		{8BF1A3F8-7523-43DE-944F-C3E8EE04D6B3}.Release|Any CPU.Build.0 = Release|Any CPU
	EndGlobalSection
	GlobalSection(SolutionProperties) = preSolution
		HideSolutionNode = FALSE
	EndGlobalSection
	GlobalSection(ExtensibilityGlobals) = postSolution
		SolutionGuid = {FDCF3F50-B35C-407D-91C9-CD52B34252AE}
	EndGlobalSection
EndGlobal
